// !$*UTF8*$!
{
	archiveVersion = 1;
	classes = {
	};
	objectVersion = 50;
	objects = {

/* Begin PBXBuildFile section */
		37D44D8516F6C85CA5804E8A /* Pods_dkddm.framework in Frameworks */ = {isa = PBXBuildFile; fileRef = 4BD509B5BF92B4D0EFC59CFF /* Pods_dkddm.framework */; };
		4638324321C87E85008569E7 /* FirstTab.storyboard in Resources */ = {isa = PBXBuildFile; fileRef = 4638324221C87E85008569E7 /* FirstTab.storyboard */; };
		4638324521C87E97008569E7 /* SecTab.storyboard in Resources */ = {isa = PBXBuildFile; fileRef = 4638324421C87E97008569E7 /* SecTab.storyboard */; };
		4638324721C87EA5008569E7 /* ThrTab.storyboard in Resources */ = {isa = PBXBuildFile; fileRef = 4638324621C87EA5008569E7 /* ThrTab.storyboard */; };
		4638324921C88106008569E7 /* FirstViewController.swift in Sources */ = {isa = PBXBuildFile; fileRef = 4638324821C88106008569E7 /* FirstViewController.swift */; };
		4638324B21C88115008569E7 /* SecondViewController.swift in Sources */ = {isa = PBXBuildFile; fileRef = 4638324A21C88115008569E7 /* SecondViewController.swift */; };
		4638324D21C88129008569E7 /* ThirdViewController.swift in Sources */ = {isa = PBXBuildFile; fileRef = 4638324C21C88129008569E7 /* ThirdViewController.swift */; };
		464B083C21EF2728002836AE /* CameraViewController.swift in Sources */ = {isa = PBXBuildFile; fileRef = 464B083B21EF2728002836AE /* CameraViewController.swift */; };
		46D5314321C8756D0071F0DD /* AppDelegate.swift in Sources */ = {isa = PBXBuildFile; fileRef = 46D5314221C8756D0071F0DD /* AppDelegate.swift */; };
		46D5314821C8756D0071F0DD /* Main.storyboard in Resources */ = {isa = PBXBuildFile; fileRef = 46D5314621C8756D0071F0DD /* Main.storyboard */; };
		46D5314B21C8756D0071F0DD /* dkddm.xcdatamodeld in Sources */ = {isa = PBXBuildFile; fileRef = 46D5314921C8756D0071F0DD /* dkddm.xcdatamodeld */; };
		46D5314D21C8756F0071F0DD /* Assets.xcassets in Resources */ = {isa = PBXBuildFile; fileRef = 46D5314C21C8756F0071F0DD /* Assets.xcassets */; };
		46D5315021C8756F0071F0DD /* LaunchScreen.storyboard in Resources */ = {isa = PBXBuildFile; fileRef = 46D5314E21C8756F0071F0DD /* LaunchScreen.storyboard */; };
		46D5315B21C8756F0071F0DD /* dkddmTests.swift in Sources */ = {isa = PBXBuildFile; fileRef = 46D5315A21C8756F0071F0DD /* dkddmTests.swift */; };
		46D5316621C8756F0071F0DD /* dkddmUITests.swift in Sources */ = {isa = PBXBuildFile; fileRef = 46D5316521C8756F0071F0DD /* dkddmUITests.swift */; };
		BF517B92B6ADFD25466494FE /* Pods_dkddmUITests.framework in Frameworks */ = {isa = PBXBuildFile; fileRef = 462DC85D6736DF1D2CC1108E /* Pods_dkddmUITests.framework */; };
		C2B35DEF21DEE99C00CFDF04 /* ViewController.swift in Sources */ = {isa = PBXBuildFile; fileRef = C2B35DEE21DEE99C00CFDF04 /* ViewController.swift */; };
		D506F16941831E366B7F63C0 /* Pods_dkddmTests.framework in Frameworks */ = {isa = PBXBuildFile; fileRef = 56B5ADDB7F255BEAF8CFA4C1 /* Pods_dkddmTests.framework */; };
		EE7DDF5A224C8BAF00BC44D6 /* CollectionViewController.swift in Sources */ = {isa = PBXBuildFile; fileRef = EE7DDF59224C8BAF00BC44D6 /* CollectionViewController.swift */; };
		EE7DDF5D224C8C2700BC44D6 /* Global.swift in Sources */ = {isa = PBXBuildFile; fileRef = EE7DDF5C224C8C2700BC44D6 /* Global.swift */; };
		EE7DDF5F224C8C7F00BC44D6 /* CollectionCategoryModel.swift in Sources */ = {isa = PBXBuildFile; fileRef = EE7DDF5E224C8C7F00BC44D6 /* CollectionCategoryModel.swift */; };
		EE7DDF61224C8CB700BC44D6 /* CollectionViewCell.swift in Sources */ = {isa = PBXBuildFile; fileRef = EE7DDF60224C8CB700BC44D6 /* CollectionViewCell.swift */; };
		EE7DDF63224C8CE200BC44D6 /* CollectionViewHeaderView.swift in Sources */ = {isa = PBXBuildFile; fileRef = EE7DDF62224C8CE200BC44D6 /* CollectionViewHeaderView.swift */; };
		EE7DDF65224C8D2700BC44D6 /* UIColor-Extension.swift in Sources */ = {isa = PBXBuildFile; fileRef = EE7DDF64224C8D2700BC44D6 /* UIColor-Extension.swift */; };
		EE7DDF67224C8D4E00BC44D6 /* LJCollectionViewFlowLayout.swift in Sources */ = {isa = PBXBuildFile; fileRef = EE7DDF66224C8D4E00BC44D6 /* LJCollectionViewFlowLayout.swift */; };
		EE7DDF69224C970700BC44D6 /* LeftTableViewCell.swift in Sources */ = {isa = PBXBuildFile; fileRef = EE7DDF68224C970700BC44D6 /* LeftTableViewCell.swift */; };
		EE7DDF6B224C9A8D00BC44D6 /* categorydata.json in Resources */ = {isa = PBXBuildFile; fileRef = EE7DDF6A224C9A8D00BC44D6 /* categorydata.json */; };
		EE7DDF6D224C9FD100BC44D6 /* TableViewController.swift in Sources */ = {isa = PBXBuildFile; fileRef = EE7DDF6C224C9FD100BC44D6 /* TableViewController.swift */; };
		EE7DDF6F224CA00500BC44D6 /* CategoryModel.swift in Sources */ = {isa = PBXBuildFile; fileRef = EE7DDF6E224CA00500BC44D6 /* CategoryModel.swift */; };
		EE7DDF71224CA03C00BC44D6 /* TableViewHeaderView.swift in Sources */ = {isa = PBXBuildFile; fileRef = EE7DDF70224CA03C00BC44D6 /* TableViewHeaderView.swift */; };
		EE7DDF73224CA05F00BC44D6 /* RightTableViewCell.swift in Sources */ = {isa = PBXBuildFile; fileRef = EE7DDF72224CA05F00BC44D6 /* RightTableViewCell.swift */; };
		EEB8849D2236908200FCF20A /* FouTab.storyboard in Resources */ = {isa = PBXBuildFile; fileRef = EEB8849C2236908200FCF20A /* FouTab.storyboard */; };
		EEB8849F223D1BB000FCF20A /* FouViewController.swift in Sources */ = {isa = PBXBuildFile; fileRef = EEB8849E223D1BB000FCF20A /* FouViewController.swift */; };
		EEE0ECC0220199BB00DF7F57 /* GoogleService-Info.plist in Resources */ = {isa = PBXBuildFile; fileRef = EEE0ECBF220199BA00DF7F57 /* GoogleService-Info.plist */; };
		EEE0ECC1220199BB00DF7F57 /* GoogleService-Info.plist in Resources */ = {isa = PBXBuildFile; fileRef = EEE0ECBF220199BA00DF7F57 /* GoogleService-Info.plist */; };
		EEE0ECC2220199BB00DF7F57 /* GoogleService-Info.plist in Resources */ = {isa = PBXBuildFile; fileRef = EEE0ECBF220199BA00DF7F57 /* GoogleService-Info.plist */; };
/* End PBXBuildFile section */

/* Begin PBXContainerItemProxy section */
		46D5315721C8756F0071F0DD /* PBXContainerItemProxy */ = {
			isa = PBXContainerItemProxy;
			containerPortal = 46D5313721C8756D0071F0DD /* Project object */;
			proxyType = 1;
			remoteGlobalIDString = 46D5313E21C8756D0071F0DD;
			remoteInfo = dkddm;
		};
		46D5316221C8756F0071F0DD /* PBXContainerItemProxy */ = {
			isa = PBXContainerItemProxy;
			containerPortal = 46D5313721C8756D0071F0DD /* Project object */;
			proxyType = 1;
			remoteGlobalIDString = 46D5313E21C8756D0071F0DD;
			remoteInfo = dkddm;
		};
/* End PBXContainerItemProxy section */

/* Begin PBXFileReference section */
		1BAA71326BB483D2F95B4A10 /* Pods-dkddm.debug.xcconfig */ = {isa = PBXFileReference; includeInIndex = 1; lastKnownFileType = text.xcconfig; name = "Pods-dkddm.debug.xcconfig"; path = "Pods/Target Support Files/Pods-dkddm/Pods-dkddm.debug.xcconfig"; sourceTree = "<group>"; };
		462DC85D6736DF1D2CC1108E /* Pods_dkddmUITests.framework */ = {isa = PBXFileReference; explicitFileType = wrapper.framework; includeInIndex = 0; path = Pods_dkddmUITests.framework; sourceTree = BUILT_PRODUCTS_DIR; };
		4638324221C87E85008569E7 /* FirstTab.storyboard */ = {isa = PBXFileReference; lastKnownFileType = file.storyboard; path = FirstTab.storyboard; sourceTree = "<group>"; };
		4638324421C87E97008569E7 /* SecTab.storyboard */ = {isa = PBXFileReference; lastKnownFileType = file.storyboard; path = SecTab.storyboard; sourceTree = "<group>"; };
		4638324621C87EA5008569E7 /* ThrTab.storyboard */ = {isa = PBXFileReference; lastKnownFileType = file.storyboard; path = ThrTab.storyboard; sourceTree = "<group>"; };
		4638324821C88106008569E7 /* FirstViewController.swift */ = {isa = PBXFileReference; lastKnownFileType = sourcecode.swift; path = FirstViewController.swift; sourceTree = "<group>"; };
		4638324A21C88115008569E7 /* SecondViewController.swift */ = {isa = PBXFileReference; lastKnownFileType = sourcecode.swift; path = SecondViewController.swift; sourceTree = "<group>"; };
		4638324C21C88129008569E7 /* ThirdViewController.swift */ = {isa = PBXFileReference; lastKnownFileType = sourcecode.swift; path = ThirdViewController.swift; sourceTree = "<group>"; };
		464B083B21EF2728002836AE /* CameraViewController.swift */ = {isa = PBXFileReference; lastKnownFileType = sourcecode.swift; path = CameraViewController.swift; sourceTree = "<group>"; };
		46D5313F21C8756D0071F0DD /* dkddm.app */ = {isa = PBXFileReference; explicitFileType = wrapper.application; includeInIndex = 0; path = dkddm.app; sourceTree = BUILT_PRODUCTS_DIR; };
		46D5314221C8756D0071F0DD /* AppDelegate.swift */ = {isa = PBXFileReference; lastKnownFileType = sourcecode.swift; path = AppDelegate.swift; sourceTree = "<group>"; };
		46D5314721C8756D0071F0DD /* Base */ = {isa = PBXFileReference; lastKnownFileType = file.storyboard; name = Base; path = Base.lproj/Main.storyboard; sourceTree = "<group>"; };
		46D5314A21C8756D0071F0DD /* dkddm.xcdatamodel */ = {isa = PBXFileReference; lastKnownFileType = wrapper.xcdatamodel; path = dkddm.xcdatamodel; sourceTree = "<group>"; };
		46D5314C21C8756F0071F0DD /* Assets.xcassets */ = {isa = PBXFileReference; lastKnownFileType = folder.assetcatalog; path = Assets.xcassets; sourceTree = "<group>"; };
		46D5314F21C8756F0071F0DD /* Base */ = {isa = PBXFileReference; lastKnownFileType = file.storyboard; name = Base; path = Base.lproj/LaunchScreen.storyboard; sourceTree = "<group>"; };
		46D5315121C8756F0071F0DD /* Info.plist */ = {isa = PBXFileReference; lastKnownFileType = text.plist.xml; path = Info.plist; sourceTree = "<group>"; };
		46D5315621C8756F0071F0DD /* dkddmTests.xctest */ = {isa = PBXFileReference; explicitFileType = wrapper.cfbundle; includeInIndex = 0; path = dkddmTests.xctest; sourceTree = BUILT_PRODUCTS_DIR; };
		46D5315A21C8756F0071F0DD /* dkddmTests.swift */ = {isa = PBXFileReference; lastKnownFileType = sourcecode.swift; path = dkddmTests.swift; sourceTree = "<group>"; };
		46D5315C21C8756F0071F0DD /* Info.plist */ = {isa = PBXFileReference; lastKnownFileType = text.plist.xml; path = Info.plist; sourceTree = "<group>"; };
		46D5316121C8756F0071F0DD /* dkddmUITests.xctest */ = {isa = PBXFileReference; explicitFileType = wrapper.cfbundle; includeInIndex = 0; path = dkddmUITests.xctest; sourceTree = BUILT_PRODUCTS_DIR; };
		46D5316521C8756F0071F0DD /* dkddmUITests.swift */ = {isa = PBXFileReference; lastKnownFileType = sourcecode.swift; path = dkddmUITests.swift; sourceTree = "<group>"; };
		46D5316721C8756F0071F0DD /* Info.plist */ = {isa = PBXFileReference; lastKnownFileType = text.plist.xml; path = Info.plist; sourceTree = "<group>"; };
		4BD509B5BF92B4D0EFC59CFF /* Pods_dkddm.framework */ = {isa = PBXFileReference; explicitFileType = wrapper.framework; includeInIndex = 0; path = Pods_dkddm.framework; sourceTree = BUILT_PRODUCTS_DIR; };
		541F97D9101EF462B0B134C3 /* Pods-dkddmUITests.debug.xcconfig */ = {isa = PBXFileReference; includeInIndex = 1; lastKnownFileType = text.xcconfig; name = "Pods-dkddmUITests.debug.xcconfig"; path = "Pods/Target Support Files/Pods-dkddmUITests/Pods-dkddmUITests.debug.xcconfig"; sourceTree = "<group>"; };
		5442A0EF93A5682044CE07C3 /* Pods-dkddmTests.debug.xcconfig */ = {isa = PBXFileReference; includeInIndex = 1; lastKnownFileType = text.xcconfig; name = "Pods-dkddmTests.debug.xcconfig"; path = "Pods/Target Support Files/Pods-dkddmTests/Pods-dkddmTests.debug.xcconfig"; sourceTree = "<group>"; };
		56B5ADDB7F255BEAF8CFA4C1 /* Pods_dkddmTests.framework */ = {isa = PBXFileReference; explicitFileType = wrapper.framework; includeInIndex = 0; path = Pods_dkddmTests.framework; sourceTree = BUILT_PRODUCTS_DIR; };
		64096C2E6F792A558730DEBC /* Pods-dkddm.release.xcconfig */ = {isa = PBXFileReference; includeInIndex = 1; lastKnownFileType = text.xcconfig; name = "Pods-dkddm.release.xcconfig"; path = "Pods/Target Support Files/Pods-dkddm/Pods-dkddm.release.xcconfig"; sourceTree = "<group>"; };
		A49DDD7BFE926CAB5549A17D /* Pods-dkddmUITests.release.xcconfig */ = {isa = PBXFileReference; includeInIndex = 1; lastKnownFileType = text.xcconfig; name = "Pods-dkddmUITests.release.xcconfig"; path = "Pods/Target Support Files/Pods-dkddmUITests/Pods-dkddmUITests.release.xcconfig"; sourceTree = "<group>"; };
		AAA58D684352B088683DC3A5 /* Pods-dkddmTests.release.xcconfig */ = {isa = PBXFileReference; includeInIndex = 1; lastKnownFileType = text.xcconfig; name = "Pods-dkddmTests.release.xcconfig"; path = "Pods/Target Support Files/Pods-dkddmTests/Pods-dkddmTests.release.xcconfig"; sourceTree = "<group>"; };
		C2B35DEE21DEE99C00CFDF04 /* ViewController.swift */ = {isa = PBXFileReference; lastKnownFileType = sourcecode.swift; path = ViewController.swift; sourceTree = "<group>"; };
		EE7DDF59224C8BAF00BC44D6 /* CollectionViewController.swift */ = {isa = PBXFileReference; lastKnownFileType = sourcecode.swift; path = CollectionViewController.swift; sourceTree = "<group>"; };
		EE7DDF5C224C8C2700BC44D6 /* Global.swift */ = {isa = PBXFileReference; lastKnownFileType = sourcecode.swift; path = Global.swift; sourceTree = "<group>"; };
		EE7DDF5E224C8C7F00BC44D6 /* CollectionCategoryModel.swift */ = {isa = PBXFileReference; lastKnownFileType = sourcecode.swift; path = CollectionCategoryModel.swift; sourceTree = "<group>"; };
		EE7DDF60224C8CB700BC44D6 /* CollectionViewCell.swift */ = {isa = PBXFileReference; lastKnownFileType = sourcecode.swift; path = CollectionViewCell.swift; sourceTree = "<group>"; };
		EE7DDF62224C8CE200BC44D6 /* CollectionViewHeaderView.swift */ = {isa = PBXFileReference; lastKnownFileType = sourcecode.swift; path = CollectionViewHeaderView.swift; sourceTree = "<group>"; };
		EE7DDF64224C8D2700BC44D6 /* UIColor-Extension.swift */ = {isa = PBXFileReference; lastKnownFileType = sourcecode.swift; path = "UIColor-Extension.swift"; sourceTree = "<group>"; };
		EE7DDF66224C8D4E00BC44D6 /* LJCollectionViewFlowLayout.swift */ = {isa = PBXFileReference; lastKnownFileType = sourcecode.swift; path = LJCollectionViewFlowLayout.swift; sourceTree = "<group>"; };
		EE7DDF68224C970700BC44D6 /* LeftTableViewCell.swift */ = {isa = PBXFileReference; lastKnownFileType = sourcecode.swift; path = LeftTableViewCell.swift; sourceTree = "<group>"; };
		EE7DDF6A224C9A8D00BC44D6 /* categorydata.json */ = {isa = PBXFileReference; lastKnownFileType = text.json; path = categorydata.json; sourceTree = "<group>"; };
		EE7DDF6C224C9FD100BC44D6 /* TableViewController.swift */ = {isa = PBXFileReference; lastKnownFileType = sourcecode.swift; path = TableViewController.swift; sourceTree = "<group>"; };
		EE7DDF6E224CA00500BC44D6 /* CategoryModel.swift */ = {isa = PBXFileReference; lastKnownFileType = sourcecode.swift; path = CategoryModel.swift; sourceTree = "<group>"; };
		EE7DDF70224CA03C00BC44D6 /* TableViewHeaderView.swift */ = {isa = PBXFileReference; lastKnownFileType = sourcecode.swift; path = TableViewHeaderView.swift; sourceTree = "<group>"; };
		EE7DDF72224CA05F00BC44D6 /* RightTableViewCell.swift */ = {isa = PBXFileReference; lastKnownFileType = sourcecode.swift; path = RightTableViewCell.swift; sourceTree = "<group>"; };
		EEB596142201A54C00DDECDE /* dkddm.entitlements */ = {isa = PBXFileReference; lastKnownFileType = text.plist.entitlements; path = dkddm.entitlements; sourceTree = "<group>"; };
		EEB8849C2236908200FCF20A /* FouTab.storyboard */ = {isa = PBXFileReference; lastKnownFileType = file.storyboard; path = FouTab.storyboard; sourceTree = "<group>"; };
		EEB8849E223D1BB000FCF20A /* FouViewController.swift */ = {isa = PBXFileReference; lastKnownFileType = sourcecode.swift; path = FouViewController.swift; sourceTree = "<group>"; };
		EEE0ECBF220199BA00DF7F57 /* GoogleService-Info.plist */ = {isa = PBXFileReference; fileEncoding = 4; lastKnownFileType = text.plist.xml; path = "GoogleService-Info.plist"; sourceTree = "<group>"; };
/* End PBXFileReference section */

/* Begin PBXFrameworksBuildPhase section */
		46D5313C21C8756D0071F0DD /* Frameworks */ = {
			isa = PBXFrameworksBuildPhase;
			buildActionMask = 2147483647;
			files = (
				37D44D8516F6C85CA5804E8A /* Pods_dkddm.framework in Frameworks */,
			);
			runOnlyForDeploymentPostprocessing = 0;
		};
		46D5315321C8756F0071F0DD /* Frameworks */ = {
			isa = PBXFrameworksBuildPhase;
			buildActionMask = 2147483647;
			files = (
				D506F16941831E366B7F63C0 /* Pods_dkddmTests.framework in Frameworks */,
			);
			runOnlyForDeploymentPostprocessing = 0;
		};
		46D5315E21C8756F0071F0DD /* Frameworks */ = {
			isa = PBXFrameworksBuildPhase;
			buildActionMask = 2147483647;
			files = (
				BF517B92B6ADFD25466494FE /* Pods_dkddmUITests.framework in Frameworks */,
			);
			runOnlyForDeploymentPostprocessing = 0;
		};
/* End PBXFrameworksBuildPhase section */

/* Begin PBXGroup section */
		178C62B1215B1656CD3863C6 /* Pods */ = {
			isa = PBXGroup;
			children = (
				1BAA71326BB483D2F95B4A10 /* Pods-dkddm.debug.xcconfig */,
				64096C2E6F792A558730DEBC /* Pods-dkddm.release.xcconfig */,
				5442A0EF93A5682044CE07C3 /* Pods-dkddmTests.debug.xcconfig */,
				AAA58D684352B088683DC3A5 /* Pods-dkddmTests.release.xcconfig */,
				541F97D9101EF462B0B134C3 /* Pods-dkddmUITests.debug.xcconfig */,
				A49DDD7BFE926CAB5549A17D /* Pods-dkddmUITests.release.xcconfig */,
			);
			name = Pods;
			sourceTree = "<group>";
		};
		46D5313621C8756D0071F0DD = {
			isa = PBXGroup;
			children = (
				46D5314121C8756D0071F0DD /* dkddm */,
				46D5315921C8756F0071F0DD /* dkddmTests */,
				46D5316421C8756F0071F0DD /* dkddmUITests */,
				46D5314021C8756D0071F0DD /* Products */,
				178C62B1215B1656CD3863C6 /* Pods */,
				631AC3486E818C7D377A4803 /* Frameworks */,
			);
			sourceTree = "<group>";
		};
		46D5314021C8756D0071F0DD /* Products */ = {
			isa = PBXGroup;
			children = (
				46D5313F21C8756D0071F0DD /* dkddm.app */,
				46D5315621C8756F0071F0DD /* dkddmTests.xctest */,
				46D5316121C8756F0071F0DD /* dkddmUITests.xctest */,
			);
			name = Products;
			sourceTree = "<group>";
		};
		46D5314121C8756D0071F0DD /* dkddm */ = {
			isa = PBXGroup;
			children = (
				EEB596142201A54C00DDECDE /* dkddm.entitlements */,
				EE7862EB21E19CEF0051AF5F /* Storyboard */,
				EE7862EA21E19CC00051AF5F /* Controller */,
				46D5314221C8756D0071F0DD /* AppDelegate.swift */,
				C2B35DEE21DEE99C00CFDF04 /* ViewController.swift */,
				464B083B21EF2728002836AE /* CameraViewController.swift */,
				EE7DDF5B224C8C0100BC44D6 /* Common */,
				46D5314621C8756D0071F0DD /* Main.storyboard */,
				46D5314C21C8756F0071F0DD /* Assets.xcassets */,
				EE7DDF6A224C9A8D00BC44D6 /* categorydata.json */,
				46D5314E21C8756F0071F0DD /* LaunchScreen.storyboard */,
				46D5315121C8756F0071F0DD /* Info.plist */,
				EEE0ECBF220199BA00DF7F57 /* GoogleService-Info.plist */,
				46D5314921C8756D0071F0DD /* dkddm.xcdatamodeld */,
			);
			path = dkddm;
			sourceTree = "<group>";
		};
		46D5315921C8756F0071F0DD /* dkddmTests */ = {
			isa = PBXGroup;
			children = (
				46D5315A21C8756F0071F0DD /* dkddmTests.swift */,
				46D5315C21C8756F0071F0DD /* Info.plist */,
			);
			path = dkddmTests;
			sourceTree = "<group>";
		};
		46D5316421C8756F0071F0DD /* dkddmUITests */ = {
			isa = PBXGroup;
			children = (
				46D5316521C8756F0071F0DD /* dkddmUITests.swift */,
				46D5316721C8756F0071F0DD /* Info.plist */,
			);
			path = dkddmUITests;
			sourceTree = "<group>";
		};
		631AC3486E818C7D377A4803 /* Frameworks */ = {
			isa = PBXGroup;
			children = (
				4BD509B5BF92B4D0EFC59CFF /* Pods_dkddm.framework */,
				56B5ADDB7F255BEAF8CFA4C1 /* Pods_dkddmTests.framework */,
				462DC85D6736DF1D2CC1108E /* Pods_dkddmUITests.framework */,
			);
			name = Frameworks;
			sourceTree = "<group>";
		};
		EE7862EA21E19CC00051AF5F /* Controller */ = {
			isa = PBXGroup;
			children = (
				4638324821C88106008569E7 /* FirstViewController.swift */,
				4638324A21C88115008569E7 /* SecondViewController.swift */,
				4638324C21C88129008569E7 /* ThirdViewController.swift */,
				EEB8849E223D1BB000FCF20A /* FouViewController.swift */,
				EE7DDF58224C8B9000BC44D6 /* Category */,
			);
			path = Controller;
			sourceTree = "<group>";
		};
		EE7862EB21E19CEF0051AF5F /* Storyboard */ = {
			isa = PBXGroup;
			children = (
				4638324421C87E97008569E7 /* SecTab.storyboard */,
				4638324221C87E85008569E7 /* FirstTab.storyboard */,
				4638324621C87EA5008569E7 /* ThrTab.storyboard */,
				EEB8849C2236908200FCF20A /* FouTab.storyboard */,
			);
			path = Storyboard;
			sourceTree = "<group>";
		};
		EE7DDF58224C8B9000BC44D6 /* Category */ = {
			isa = PBXGroup;
			children = (
				EE7DDF59224C8BAF00BC44D6 /* CollectionViewController.swift */,
				EE7DDF5E224C8C7F00BC44D6 /* CollectionCategoryModel.swift */,
				EE7DDF60224C8CB700BC44D6 /* CollectionViewCell.swift */,
				EE7DDF62224C8CE200BC44D6 /* CollectionViewHeaderView.swift */,
				EE7DDF6C224C9FD100BC44D6 /* TableViewController.swift */,
				EE7DDF6E224CA00500BC44D6 /* CategoryModel.swift */,
				EE7DDF68224C970700BC44D6 /* LeftTableViewCell.swift */,
				EE7DDF72224CA05F00BC44D6 /* RightTableViewCell.swift */,
				EE7DDF70224CA03C00BC44D6 /* TableViewHeaderView.swift */,
			);
			path = Category;
			sourceTree = "<group>";
		};
		EE7DDF5B224C8C0100BC44D6 /* Common */ = {
			isa = PBXGroup;
			children = (
				EE7DDF5C224C8C2700BC44D6 /* Global.swift */,
				EE7DDF64224C8D2700BC44D6 /* UIColor-Extension.swift */,
				EE7DDF66224C8D4E00BC44D6 /* LJCollectionViewFlowLayout.swift */,
			);
			path = Common;
			sourceTree = "<group>";
		};
/* End PBXGroup section */

/* Begin PBXNativeTarget section */
		46D5313E21C8756D0071F0DD /* dkddm */ = {
			isa = PBXNativeTarget;
			buildConfigurationList = 46D5316A21C8756F0071F0DD /* Build configuration list for PBXNativeTarget "dkddm" */;
			buildPhases = (
				B1DACCE9CF8C22D0381C56DA /* [CP] Check Pods Manifest.lock */,
				46D5313B21C8756D0071F0DD /* Sources */,
				46D5313C21C8756D0071F0DD /* Frameworks */,
				46D5313D21C8756D0071F0DD /* Resources */,
				4E199735E719974A17BED29C /* [CP] Embed Pods Frameworks */,
			);
			buildRules = (
			);
			dependencies = (
			);
			name = dkddm;
			productName = dkddm;
			productReference = 46D5313F21C8756D0071F0DD /* dkddm.app */;
			productType = "com.apple.product-type.application";
		};
		46D5315521C8756F0071F0DD /* dkddmTests */ = {
			isa = PBXNativeTarget;
			buildConfigurationList = 46D5316D21C8756F0071F0DD /* Build configuration list for PBXNativeTarget "dkddmTests" */;
			buildPhases = (
				93406411DA5F2B538EB0A6E7 /* [CP] Check Pods Manifest.lock */,
				46D5315221C8756F0071F0DD /* Sources */,
				46D5315321C8756F0071F0DD /* Frameworks */,
				46D5315421C8756F0071F0DD /* Resources */,
			);
			buildRules = (
			);
			dependencies = (
				46D5315821C8756F0071F0DD /* PBXTargetDependency */,
			);
			name = dkddmTests;
			productName = dkddmTests;
			productReference = 46D5315621C8756F0071F0DD /* dkddmTests.xctest */;
			productType = "com.apple.product-type.bundle.unit-test";
		};
		46D5316021C8756F0071F0DD /* dkddmUITests */ = {
			isa = PBXNativeTarget;
			buildConfigurationList = 46D5317021C8756F0071F0DD /* Build configuration list for PBXNativeTarget "dkddmUITests" */;
			buildPhases = (
				5513549069CC095F5AA03824 /* [CP] Check Pods Manifest.lock */,
				46D5315D21C8756F0071F0DD /* Sources */,
				46D5315E21C8756F0071F0DD /* Frameworks */,
				46D5315F21C8756F0071F0DD /* Resources */,
			);
			buildRules = (
			);
			dependencies = (
				46D5316321C8756F0071F0DD /* PBXTargetDependency */,
			);
			name = dkddmUITests;
			productName = dkddmUITests;
			productReference = 46D5316121C8756F0071F0DD /* dkddmUITests.xctest */;
			productType = "com.apple.product-type.bundle.ui-testing";
		};
/* End PBXNativeTarget section */

/* Begin PBXProject section */
		46D5313721C8756D0071F0DD /* Project object */ = {
			isa = PBXProject;
			attributes = {
				LastSwiftUpdateCheck = 1010;
				LastUpgradeCheck = 1010;
				ORGANIZATIONNAME = "SHI LEI";
				TargetAttributes = {
					46D5313E21C8756D0071F0DD = {
						CreatedOnToolsVersion = 10.1;
						SystemCapabilities = {
							com.apple.AccessWiFi = {
								enabled = 1;
							};
							com.apple.Push = {
								enabled = 1;
							};
							com.apple.SafariKeychain = {
								enabled = 1;
							};
						};
					};
					46D5315521C8756F0071F0DD = {
						CreatedOnToolsVersion = 10.1;
						TestTargetID = 46D5313E21C8756D0071F0DD;
					};
					46D5316021C8756F0071F0DD = {
						CreatedOnToolsVersion = 10.1;
						TestTargetID = 46D5313E21C8756D0071F0DD;
					};
				};
			};
			buildConfigurationList = 46D5313A21C8756D0071F0DD /* Build configuration list for PBXProject "dkddm" */;
			compatibilityVersion = "Xcode 9.3";
			developmentRegion = en;
			hasScannedForEncodings = 0;
			knownRegions = (
				en,
				Base,
			);
			mainGroup = 46D5313621C8756D0071F0DD;
			productRefGroup = 46D5314021C8756D0071F0DD /* Products */;
			projectDirPath = "";
			projectRoot = "";
			targets = (
				46D5313E21C8756D0071F0DD /* dkddm */,
				46D5315521C8756F0071F0DD /* dkddmTests */,
				46D5316021C8756F0071F0DD /* dkddmUITests */,
			);
		};
/* End PBXProject section */

/* Begin PBXResourcesBuildPhase section */
		46D5313D21C8756D0071F0DD /* Resources */ = {
			isa = PBXResourcesBuildPhase;
			buildActionMask = 2147483647;
			files = (
				46D5315021C8756F0071F0DD /* LaunchScreen.storyboard in Resources */,
				EEB8849D2236908200FCF20A /* FouTab.storyboard in Resources */,
				4638324321C87E85008569E7 /* FirstTab.storyboard in Resources */,
				EE7DDF6B224C9A8D00BC44D6 /* categorydata.json in Resources */,
				46D5314D21C8756F0071F0DD /* Assets.xcassets in Resources */,
				46D5314821C8756D0071F0DD /* Main.storyboard in Resources */,
				4638324521C87E97008569E7 /* SecTab.storyboard in Resources */,
				4638324721C87EA5008569E7 /* ThrTab.storyboard in Resources */,
				EEE0ECC0220199BB00DF7F57 /* GoogleService-Info.plist in Resources */,
			);
			runOnlyForDeploymentPostprocessing = 0;
		};
		46D5315421C8756F0071F0DD /* Resources */ = {
			isa = PBXResourcesBuildPhase;
			buildActionMask = 2147483647;
			files = (
				EEE0ECC1220199BB00DF7F57 /* GoogleService-Info.plist in Resources */,
			);
			runOnlyForDeploymentPostprocessing = 0;
		};
		46D5315F21C8756F0071F0DD /* Resources */ = {
			isa = PBXResourcesBuildPhase;
			buildActionMask = 2147483647;
			files = (
				EEE0ECC2220199BB00DF7F57 /* GoogleService-Info.plist in Resources */,
			);
			runOnlyForDeploymentPostprocessing = 0;
		};
/* End PBXResourcesBuildPhase section */

/* Begin PBXShellScriptBuildPhase section */
		4E199735E719974A17BED29C /* [CP] Embed Pods Frameworks */ = {
			isa = PBXShellScriptBuildPhase;
			buildActionMask = 2147483647;
			files = (
			);
			inputPaths = (
				"${SRCROOT}/Pods/Target Support Files/Pods-dkddm/Pods-dkddm-frameworks.sh",
				"${BUILT_PRODUCTS_DIR}/GoogleUtilities/GoogleUtilities.framework",
				"${BUILT_PRODUCTS_DIR}/Protobuf/Protobuf.framework",
				"${BUILT_PRODUCTS_DIR}/SDWebImage/SDWebImage.framework",
				"${BUILT_PRODUCTS_DIR}/nanopb/nanopb.framework",
			);
			name = "[CP] Embed Pods Frameworks";
			outputPaths = (
				"${TARGET_BUILD_DIR}/${FRAMEWORKS_FOLDER_PATH}/GoogleUtilities.framework",
				"${TARGET_BUILD_DIR}/${FRAMEWORKS_FOLDER_PATH}/Protobuf.framework",
				"${TARGET_BUILD_DIR}/${FRAMEWORKS_FOLDER_PATH}/SDWebImage.framework",
				"${TARGET_BUILD_DIR}/${FRAMEWORKS_FOLDER_PATH}/nanopb.framework",
			);
			runOnlyForDeploymentPostprocessing = 0;
			shellPath = /bin/sh;
			shellScript = "\"${SRCROOT}/Pods/Target Support Files/Pods-dkddm/Pods-dkddm-frameworks.sh\"\n";
			showEnvVarsInLog = 0;
		};
		5513549069CC095F5AA03824 /* [CP] Check Pods Manifest.lock */ = {
			isa = PBXShellScriptBuildPhase;
			buildActionMask = 2147483647;
			files = (
			);
			inputPaths = (
				"${PODS_PODFILE_DIR_PATH}/Podfile.lock",
				"${PODS_ROOT}/Manifest.lock",
			);
			name = "[CP] Check Pods Manifest.lock";
			outputPaths = (
				"$(DERIVED_FILE_DIR)/Pods-dkddmUITests-checkManifestLockResult.txt",
			);
			runOnlyForDeploymentPostprocessing = 0;
			shellPath = /bin/sh;
			shellScript = "diff \"${PODS_PODFILE_DIR_PATH}/Podfile.lock\" \"${PODS_ROOT}/Manifest.lock\" > /dev/null\nif [ $? != 0 ] ; then\n    # print error to STDERR\n    echo \"error: The sandbox is not in sync with the Podfile.lock. Run 'pod install' or update your CocoaPods installation.\" >&2\n    exit 1\nfi\n# This output is used by Xcode 'outputs' to avoid re-running this script phase.\necho \"SUCCESS\" > \"${SCRIPT_OUTPUT_FILE_0}\"\n";
			showEnvVarsInLog = 0;
		};
		93406411DA5F2B538EB0A6E7 /* [CP] Check Pods Manifest.lock */ = {
			isa = PBXShellScriptBuildPhase;
			buildActionMask = 2147483647;
			files = (
			);
			inputPaths = (
				"${PODS_PODFILE_DIR_PATH}/Podfile.lock",
				"${PODS_ROOT}/Manifest.lock",
			);
			name = "[CP] Check Pods Manifest.lock";
			outputPaths = (
				"$(DERIVED_FILE_DIR)/Pods-dkddmTests-checkManifestLockResult.txt",
			);
			runOnlyForDeploymentPostprocessing = 0;
			shellPath = /bin/sh;
			shellScript = "diff \"${PODS_PODFILE_DIR_PATH}/Podfile.lock\" \"${PODS_ROOT}/Manifest.lock\" > /dev/null\nif [ $? != 0 ] ; then\n    # print error to STDERR\n    echo \"error: The sandbox is not in sync with the Podfile.lock. Run 'pod install' or update your CocoaPods installation.\" >&2\n    exit 1\nfi\n# This output is used by Xcode 'outputs' to avoid re-running this script phase.\necho \"SUCCESS\" > \"${SCRIPT_OUTPUT_FILE_0}\"\n";
			showEnvVarsInLog = 0;
		};
		B1DACCE9CF8C22D0381C56DA /* [CP] Check Pods Manifest.lock */ = {
			isa = PBXShellScriptBuildPhase;
			buildActionMask = 2147483647;
			files = (
			);
			inputPaths = (
				"${PODS_PODFILE_DIR_PATH}/Podfile.lock",
				"${PODS_ROOT}/Manifest.lock",
			);
			name = "[CP] Check Pods Manifest.lock";
			outputPaths = (
				"$(DERIVED_FILE_DIR)/Pods-dkddm-checkManifestLockResult.txt",
			);
			runOnlyForDeploymentPostprocessing = 0;
			shellPath = /bin/sh;
			shellScript = "diff \"${PODS_PODFILE_DIR_PATH}/Podfile.lock\" \"${PODS_ROOT}/Manifest.lock\" > /dev/null\nif [ $? != 0 ] ; then\n    # print error to STDERR\n    echo \"error: The sandbox is not in sync with the Podfile.lock. Run 'pod install' or update your CocoaPods installation.\" >&2\n    exit 1\nfi\n# This output is used by Xcode 'outputs' to avoid re-running this script phase.\necho \"SUCCESS\" > \"${SCRIPT_OUTPUT_FILE_0}\"\n";
			showEnvVarsInLog = 0;
		};
/* End PBXShellScriptBuildPhase section */

/* Begin PBXSourcesBuildPhase section */
		46D5313B21C8756D0071F0DD /* Sources */ = {
			isa = PBXSourcesBuildPhase;
			buildActionMask = 2147483647;
			files = (
				EE7DDF73224CA05F00BC44D6 /* RightTableViewCell.swift in Sources */,
				EE7DDF69224C970700BC44D6 /* LeftTableViewCell.swift in Sources */,
				EE7DDF5A224C8BAF00BC44D6 /* CollectionViewController.swift in Sources */,
				EE7DDF6D224C9FD100BC44D6 /* TableViewController.swift in Sources */,
				C2B35DEF21DEE99C00CFDF04 /* ViewController.swift in Sources */,
				EE7DDF61224C8CB700BC44D6 /* CollectionViewCell.swift in Sources */,
				46D5314321C8756D0071F0DD /* AppDelegate.swift in Sources */,
				46D5314B21C8756D0071F0DD /* dkddm.xcdatamodeld in Sources */,
				EE7DDF6F224CA00500BC44D6 /* CategoryModel.swift in Sources */,
				EE7DDF65224C8D2700BC44D6 /* UIColor-Extension.swift in Sources */,
				EEB8849F223D1BB000FCF20A /* FouViewController.swift in Sources */,
				4638324B21C88115008569E7 /* SecondViewController.swift in Sources */,
				EE7DDF63224C8CE200BC44D6 /* CollectionViewHeaderView.swift in Sources */,
				EE7DDF5F224C8C7F00BC44D6 /* CollectionCategoryModel.swift in Sources */,
				464B083C21EF2728002836AE /* CameraViewController.swift in Sources */,
				EE7DDF71224CA03C00BC44D6 /* TableViewHeaderView.swift in Sources */,
				4638324D21C88129008569E7 /* ThirdViewController.swift in Sources */,
				EE7DDF5D224C8C2700BC44D6 /* Global.swift in Sources */,
				EE7DDF67224C8D4E00BC44D6 /* LJCollectionViewFlowLayout.swift in Sources */,
				4638324921C88106008569E7 /* FirstViewController.swift in Sources */,
			);
			runOnlyForDeploymentPostprocessing = 0;
		};
		46D5315221C8756F0071F0DD /* Sources */ = {
			isa = PBXSourcesBuildPhase;
			buildActionMask = 2147483647;
			files = (
				46D5315B21C8756F0071F0DD /* dkddmTests.swift in Sources */,
			);
			runOnlyForDeploymentPostprocessing = 0;
		};
		46D5315D21C8756F0071F0DD /* Sources */ = {
			isa = PBXSourcesBuildPhase;
			buildActionMask = 2147483647;
			files = (
				46D5316621C8756F0071F0DD /* dkddmUITests.swift in Sources */,
			);
			runOnlyForDeploymentPostprocessing = 0;
		};
/* End PBXSourcesBuildPhase section */

/* Begin PBXTargetDependency section */
		46D5315821C8756F0071F0DD /* PBXTargetDependency */ = {
			isa = PBXTargetDependency;
			target = 46D5313E21C8756D0071F0DD /* dkddm */;
			targetProxy = 46D5315721C8756F0071F0DD /* PBXContainerItemProxy */;
		};
		46D5316321C8756F0071F0DD /* PBXTargetDependency */ = {
			isa = PBXTargetDependency;
			target = 46D5313E21C8756D0071F0DD /* dkddm */;
			targetProxy = 46D5316221C8756F0071F0DD /* PBXContainerItemProxy */;
		};
/* End PBXTargetDependency section */

/* Begin PBXVariantGroup section */
		46D5314621C8756D0071F0DD /* Main.storyboard */ = {
			isa = PBXVariantGroup;
			children = (
				46D5314721C8756D0071F0DD /* Base */,
			);
			name = Main.storyboard;
			sourceTree = "<group>";
		};
		46D5314E21C8756F0071F0DD /* LaunchScreen.storyboard */ = {
			isa = PBXVariantGroup;
			children = (
				46D5314F21C8756F0071F0DD /* Base */,
			);
			name = LaunchScreen.storyboard;
			sourceTree = "<group>";
		};
/* End PBXVariantGroup section */

/* Begin XCBuildConfiguration section */
		46D5316821C8756F0071F0DD /* Debug */ = {
			isa = XCBuildConfiguration;
			buildSettings = {
				ALWAYS_SEARCH_USER_PATHS = NO;
				CLANG_ANALYZER_NONNULL = YES;
				CLANG_ANALYZER_NUMBER_OBJECT_CONVERSION = YES_AGGRESSIVE;
				CLANG_CXX_LANGUAGE_STANDARD = "gnu++14";
				CLANG_CXX_LIBRARY = "libc++";
				CLANG_ENABLE_MODULES = YES;
				CLANG_ENABLE_OBJC_ARC = YES;
				CLANG_ENABLE_OBJC_WEAK = YES;
				CLANG_WARN_BLOCK_CAPTURE_AUTORELEASING = YES;
				CLANG_WARN_BOOL_CONVERSION = YES;
				CLANG_WARN_COMMA = YES;
				CLANG_WARN_CONSTANT_CONVERSION = YES;
				CLANG_WARN_DEPRECATED_OBJC_IMPLEMENTATIONS = YES;
				CLANG_WARN_DIRECT_OBJC_ISA_USAGE = YES_ERROR;
				CLANG_WARN_DOCUMENTATION_COMMENTS = YES;
				CLANG_WARN_EMPTY_BODY = YES;
				CLANG_WARN_ENUM_CONVERSION = YES;
				CLANG_WARN_INFINITE_RECURSION = YES;
				CLANG_WARN_INT_CONVERSION = YES;
				CLANG_WARN_NON_LITERAL_NULL_CONVERSION = YES;
				CLANG_WARN_OBJC_IMPLICIT_RETAIN_SELF = YES;
				CLANG_WARN_OBJC_LITERAL_CONVERSION = YES;
				CLANG_WARN_OBJC_ROOT_CLASS = YES_ERROR;
				CLANG_WARN_RANGE_LOOP_ANALYSIS = YES;
				CLANG_WARN_STRICT_PROTOTYPES = YES;
				CLANG_WARN_SUSPICIOUS_MOVE = YES;
				CLANG_WARN_UNGUARDED_AVAILABILITY = YES_AGGRESSIVE;
				CLANG_WARN_UNREACHABLE_CODE = YES;
				CLANG_WARN__DUPLICATE_METHOD_MATCH = YES;
				CODE_SIGN_IDENTITY = "iPhone Developer";
				COPY_PHASE_STRIP = NO;
				DEBUG_INFORMATION_FORMAT = dwarf;
				ENABLE_STRICT_OBJC_MSGSEND = YES;
				ENABLE_TESTABILITY = YES;
				GCC_C_LANGUAGE_STANDARD = gnu11;
				GCC_DYNAMIC_NO_PIC = NO;
				GCC_NO_COMMON_BLOCKS = YES;
				GCC_OPTIMIZATION_LEVEL = 0;
				GCC_PREPROCESSOR_DEFINITIONS = (
					"DEBUG=1",
					"$(inherited)",
				);
				GCC_WARN_64_TO_32_BIT_CONVERSION = YES;
				GCC_WARN_ABOUT_RETURN_TYPE = YES_ERROR;
				GCC_WARN_UNDECLARED_SELECTOR = YES;
				GCC_WARN_UNINITIALIZED_AUTOS = YES_AGGRESSIVE;
				GCC_WARN_UNUSED_FUNCTION = YES;
				GCC_WARN_UNUSED_VARIABLE = YES;
				IPHONEOS_DEPLOYMENT_TARGET = 12.1;
				MTL_ENABLE_DEBUG_INFO = INCLUDE_SOURCE;
				MTL_FAST_MATH = YES;
				ONLY_ACTIVE_ARCH = YES;
				SDKROOT = iphoneos;
				SWIFT_ACTIVE_COMPILATION_CONDITIONS = DEBUG;
				SWIFT_OPTIMIZATION_LEVEL = "-Onone";
			};
			name = Debug;
		};
		46D5316921C8756F0071F0DD /* Release */ = {
			isa = XCBuildConfiguration;
			buildSettings = {
				ALWAYS_SEARCH_USER_PATHS = NO;
				CLANG_ANALYZER_NONNULL = YES;
				CLANG_ANALYZER_NUMBER_OBJECT_CONVERSION = YES_AGGRESSIVE;
				CLANG_CXX_LANGUAGE_STANDARD = "gnu++14";
				CLANG_CXX_LIBRARY = "libc++";
				CLANG_ENABLE_MODULES = YES;
				CLANG_ENABLE_OBJC_ARC = YES;
				CLANG_ENABLE_OBJC_WEAK = YES;
				CLANG_WARN_BLOCK_CAPTURE_AUTORELEASING = YES;
				CLANG_WARN_BOOL_CONVERSION = YES;
				CLANG_WARN_COMMA = YES;
				CLANG_WARN_CONSTANT_CONVERSION = YES;
				CLANG_WARN_DEPRECATED_OBJC_IMPLEMENTATIONS = YES;
				CLANG_WARN_DIRECT_OBJC_ISA_USAGE = YES_ERROR;
				CLANG_WARN_DOCUMENTATION_COMMENTS = YES;
				CLANG_WARN_EMPTY_BODY = YES;
				CLANG_WARN_ENUM_CONVERSION = YES;
				CLANG_WARN_INFINITE_RECURSION = YES;
				CLANG_WARN_INT_CONVERSION = YES;
				CLANG_WARN_NON_LITERAL_NULL_CONVERSION = YES;
				CLANG_WARN_OBJC_IMPLICIT_RETAIN_SELF = YES;
				CLANG_WARN_OBJC_LITERAL_CONVERSION = YES;
				CLANG_WARN_OBJC_ROOT_CLASS = YES_ERROR;
				CLANG_WARN_RANGE_LOOP_ANALYSIS = YES;
				CLANG_WARN_STRICT_PROTOTYPES = YES;
				CLANG_WARN_SUSPICIOUS_MOVE = YES;
				CLANG_WARN_UNGUARDED_AVAILABILITY = YES_AGGRESSIVE;
				CLANG_WARN_UNREACHABLE_CODE = YES;
				CLANG_WARN__DUPLICATE_METHOD_MATCH = YES;
				CODE_SIGN_IDENTITY = "iPhone Developer";
				COPY_PHASE_STRIP = NO;
				DEBUG_INFORMATION_FORMAT = "dwarf-with-dsym";
				ENABLE_NS_ASSERTIONS = NO;
				ENABLE_STRICT_OBJC_MSGSEND = YES;
				GCC_C_LANGUAGE_STANDARD = gnu11;
				GCC_NO_COMMON_BLOCKS = YES;
				GCC_WARN_64_TO_32_BIT_CONVERSION = YES;
				GCC_WARN_ABOUT_RETURN_TYPE = YES_ERROR;
				GCC_WARN_UNDECLARED_SELECTOR = YES;
				GCC_WARN_UNINITIALIZED_AUTOS = YES_AGGRESSIVE;
				GCC_WARN_UNUSED_FUNCTION = YES;
				GCC_WARN_UNUSED_VARIABLE = YES;
				IPHONEOS_DEPLOYMENT_TARGET = 12.1;
				MTL_ENABLE_DEBUG_INFO = NO;
				MTL_FAST_MATH = YES;
				SDKROOT = iphoneos;
				SWIFT_COMPILATION_MODE = wholemodule;
				SWIFT_OPTIMIZATION_LEVEL = "-O";
				VALIDATE_PRODUCT = YES;
			};
			name = Release;
		};
		46D5316B21C8756F0071F0DD /* Debug */ = {
			isa = XCBuildConfiguration;
			baseConfigurationReference = 1BAA71326BB483D2F95B4A10 /* Pods-dkddm.debug.xcconfig */;
			buildSettings = {
				ASSETCATALOG_COMPILER_APPICON_NAME = AppIcon;
				ASSETCATALOG_COMPILER_LAUNCHIMAGE_NAME = LaunchImage;
				CODE_SIGN_ENTITLEMENTS = dkddm/dkddm.entitlements;
				CODE_SIGN_STYLE = Manual;
				DEVELOPMENT_TEAM = GMN25XC68X;
				INFOPLIST_FILE = dkddm/Info.plist;
				IPHONEOS_DEPLOYMENT_TARGET = 10.0;
				LD_RUNPATH_SEARCH_PATHS = (
					"$(inherited)",
					"@executable_path/Frameworks",
				);
				PRODUCT_BUNDLE_IDENTIFIER = je.dkddm;
				PRODUCT_NAME = "$(TARGET_NAME)";
				PROVISIONING_PROFILE_SPECIFIER = JapeeDkddmDevelopment;
				SWIFT_VERSION = 4.2;
				TARGETED_DEVICE_FAMILY = "1,2";
			};
			name = Debug;
		};
		46D5316C21C8756F0071F0DD /* Release */ = {
			isa = XCBuildConfiguration;
			baseConfigurationReference = 64096C2E6F792A558730DEBC /* Pods-dkddm.release.xcconfig */;
			buildSettings = {
				ASSETCATALOG_COMPILER_APPICON_NAME = AppIcon;
				ASSETCATALOG_COMPILER_LAUNCHIMAGE_NAME = LaunchImage;
				CODE_SIGN_ENTITLEMENTS = dkddm/dkddm.entitlements;
				CODE_SIGN_IDENTITY = "iPhone Distribution";
				CODE_SIGN_STYLE = Manual;
				DEVELOPMENT_TEAM = GMN25XC68X;
				INFOPLIST_FILE = dkddm/Info.plist;
				IPHONEOS_DEPLOYMENT_TARGET = 10.0;
				LD_RUNPATH_SEARCH_PATHS = (
					"$(inherited)",
					"@executable_path/Frameworks",
				);
				PRODUCT_BUNDLE_IDENTIFIER = je.dkddm;
				PRODUCT_NAME = "$(TARGET_NAME)";
				PROVISIONING_PROFILE_SPECIFIER = japeedkddmprod;
				SWIFT_VERSION = 4.2;
				TARGETED_DEVICE_FAMILY = "1,2";
			};
			name = Release;
		};
		46D5316E21C8756F0071F0DD /* Debug */ = {
			isa = XCBuildConfiguration;
			baseConfigurationReference = 5442A0EF93A5682044CE07C3 /* Pods-dkddmTests.debug.xcconfig */;
			buildSettings = {
				ALWAYS_EMBED_SWIFT_STANDARD_LIBRARIES = YES;
				BUNDLE_LOADER = "$(TEST_HOST)";
				CODE_SIGN_STYLE = Automatic;
				INFOPLIST_FILE = dkddmTests/Info.plist;
				LD_RUNPATH_SEARCH_PATHS = (
					"$(inherited)",
					"@executable_path/Frameworks",
					"@loader_path/Frameworks",
				);
				PRODUCT_BUNDLE_IDENTIFIER = je.dkddmTests;
				PRODUCT_NAME = "$(TARGET_NAME)";
				SWIFT_VERSION = 4.2;
				TARGETED_DEVICE_FAMILY = "1,2";
				TEST_HOST = "$(BUILT_PRODUCTS_DIR)/dkddm.app/dkddm";
			};
			name = Debug;
		};
		46D5316F21C8756F0071F0DD /* Release */ = {
			isa = XCBuildConfiguration;
			baseConfigurationReference = AAA58D684352B088683DC3A5 /* Pods-dkddmTests.release.xcconfig */;
			buildSettings = {
				ALWAYS_EMBED_SWIFT_STANDARD_LIBRARIES = YES;
				BUNDLE_LOADER = "$(TEST_HOST)";
				CODE_SIGN_STYLE = Automatic;
				INFOPLIST_FILE = dkddmTests/Info.plist;
				LD_RUNPATH_SEARCH_PATHS = (
					"$(inherited)",
					"@executable_path/Frameworks",
					"@loader_path/Frameworks",
				);
				PRODUCT_BUNDLE_IDENTIFIER = je.dkddmTests;
				PRODUCT_NAME = "$(TARGET_NAME)";
				SWIFT_VERSION = 4.2;
				TARGETED_DEVICE_FAMILY = "1,2";
				TEST_HOST = "$(BUILT_PRODUCTS_DIR)/dkddm.app/dkddm";
			};
			name = Release;
		};
		46D5317121C8756F0071F0DD /* Debug */ = {
			isa = XCBuildConfiguration;
			baseConfigurationReference = 541F97D9101EF462B0B134C3 /* Pods-dkddmUITests.debug.xcconfig */;
			buildSettings = {
				ALWAYS_EMBED_SWIFT_STANDARD_LIBRARIES = YES;
				CODE_SIGN_STYLE = Automatic;
				INFOPLIST_FILE = dkddmUITests/Info.plist;
				LD_RUNPATH_SEARCH_PATHS = (
					"$(inherited)",
					"@executable_path/Frameworks",
					"@loader_path/Frameworks",
				);
				PRODUCT_BUNDLE_IDENTIFIER = je.dkddmUITests;
				PRODUCT_NAME = "$(TARGET_NAME)";
				SWIFT_VERSION = 4.2;
				TARGETED_DEVICE_FAMILY = "1,2";
				TEST_TARGET_NAME = dkddm;
			};
			name = Debug;
		};
		46D5317221C8756F0071F0DD /* Release */ = {
			isa = XCBuildConfiguration;
			baseConfigurationReference = A49DDD7BFE926CAB5549A17D /* Pods-dkddmUITests.release.xcconfig */;
			buildSettings = {
				ALWAYS_EMBED_SWIFT_STANDARD_LIBRARIES = YES;
				CODE_SIGN_STYLE = Automatic;
				INFOPLIST_FILE = dkddmUITests/Info.plist;
				LD_RUNPATH_SEARCH_PATHS = (
					"$(inherited)",
					"@executable_path/Frameworks",
					"@loader_path/Frameworks",
				);
				PRODUCT_BUNDLE_IDENTIFIER = je.dkddmUITests;
				PRODUCT_NAME = "$(TARGET_NAME)";
				SWIFT_VERSION = 4.2;
				TARGETED_DEVICE_FAMILY = "1,2";
				TEST_TARGET_NAME = dkddm;
			};
			name = Release;
		};
/* End XCBuildConfiguration section */

/* Begin XCConfigurationList section */
		46D5313A21C8756D0071F0DD /* Build configuration list for PBXProject "dkddm" */ = {
			isa = XCConfigurationList;
			buildConfigurations = (
				46D5316821C8756F0071F0DD /* Debug */,
				46D5316921C8756F0071F0DD /* Release */,
			);
			defaultConfigurationIsVisible = 0;
			defaultConfigurationName = Release;
		};
		46D5316A21C8756F0071F0DD /* Build configuration list for PBXNativeTarget "dkddm" */ = {
			isa = XCConfigurationList;
			buildConfigurations = (
				46D5316B21C8756F0071F0DD /* Debug */,
				46D5316C21C8756F0071F0DD /* Release */,
			);
			defaultConfigurationIsVisible = 0;
			defaultConfigurationName = Release;
		};
		46D5316D21C8756F0071F0DD /* Build configuration list for PBXNativeTarget "dkddmTests" */ = {
			isa = XCConfigurationList;
			buildConfigurations = (
				46D5316E21C8756F0071F0DD /* Debug */,
				46D5316F21C8756F0071F0DD /* Release */,
			);
			defaultConfigurationIsVisible = 0;
			defaultConfigurationName = Release;
		};
		46D5317021C8756F0071F0DD /* Build configuration list for PBXNativeTarget "dkddmUITests" */ = {
			isa = XCConfigurationList;
			buildConfigurations = (
				46D5317121C8756F0071F0DD /* Debug */,
				46D5317221C8756F0071F0DD /* Release */,
			);
			defaultConfigurationIsVisible = 0;
			defaultConfigurationName = Release;
		};
/* End XCConfigurationList section */

/* Begin XCVersionGroup section */
		46D5314921C8756D0071F0DD /* dkddm.xcdatamodeld */ = {
			isa = XCVersionGroup;
			children = (
				46D5314A21C8756D0071F0DD /* dkddm.xcdatamodel */,
			);
			currentVersion = 46D5314A21C8756D0071F0DD /* dkddm.xcdatamodel */;
			path = dkddm.xcdatamodeld;
			sourceTree = "<group>";
			versionGroupType = wrapper.xcdatamodel;
		};
/* End XCVersionGroup section */
	};
	rootObject = 46D5313721C8756D0071F0DD /* Project object */;
}
